
Microsoft Visual Studio Solution File, Format Version 12.00
# Visual Studio 14
VisualStudioVersion = 14.0.25420.1
MinimumVisualStudioVersion = 10.0.40219.1
Project("{2150E333-8FDC-42A3-9474-1A3956D46DE8}") = "Jobs", "Jobs", "{3B8D019C-AC64-4016-8D48-57230E39C7AE}"
EndProject
Project("{2150E333-8FDC-42A3-9474-1A3956D46DE8}") = "Web", "Web", "{E0DC2EF7-4F72-432A-8ED9-66BF567D36AD}"
EndProject
Project("{2150E333-8FDC-42A3-9474-1A3956D46DE8}") = "Deployment", "Deployment", "{B7729E98-FA40-4CF2-B78B-BA2AEEC960BD}"
	ProjectSection(SolutionItems) = preProject
		circle.yml = circle.yml
		Deployment\docker-compose.yml = Deployment\docker-compose.yml
		Deployment\harbor-compose.yml = Deployment\harbor-compose.yml
		TURNER_METADATA = TURNER_METADATA
	EndProjectSection
EndProject
Project("{8BB2217D-0F2D-49D1-97BC-3654ED321F3B}") = "OnDemandTools.API", "OnDemandTools.API\OnDemandTools.API.xproj", "{3450E107-90BA-496B-9710-9DE3BC9BB174}"
EndProject
Project("{2150E333-8FDC-42A3-9474-1A3956D46DE8}") = "API", "API", "{78524FE9-DC3E-437E-9230-CB54BE28D906}"
EndProject
Project("{2150E333-8FDC-42A3-9474-1A3956D46DE8}") = "Business", "Business", "{AA70031B-0ABE-4B3D-A5B4-FA7C95DB20B6}"
EndProject
Project("{2150E333-8FDC-42A3-9474-1A3956D46DE8}") = "Common", "Common", "{1486A4EC-B070-4937-84B3-DF747A3263A7}"
EndProject
Project("{2150E333-8FDC-42A3-9474-1A3956D46DE8}") = "DAL", "DAL", "{C507CAE3-0EDC-4392-8438-D2C715237F93}"
EndProject
Project("{2150E333-8FDC-42A3-9474-1A3956D46DE8}") = "Utilities", "Utilities", "{A07F6272-3EA9-48B8-8092-336DF72D557A}"
EndProject
Project("{8BB2217D-0F2D-49D1-97BC-3654ED321F3B}") = "OnDemandTools.Business", "OnDemandTools.Business\OnDemandTools.Business.xproj", "{68903EF7-3D75-4B58-93DE-F43A3EB5014F}"
EndProject
Project("{8BB2217D-0F2D-49D1-97BC-3654ED321F3B}") = "OnDemandTools.Common", "OnDemandTools.Common\OnDemandTools.Common.xproj", "{53C84700-4A66-4319-B980-6841FAD7BC7E}"
EndProject
Project("{8BB2217D-0F2D-49D1-97BC-3654ED321F3B}") = "OnDemandTools.DAL", "OnDemandTools.DAL\OnDemandTools.DAL.xproj", "{AC69E36D-1797-477B-908F-05374C5BF41B}"
EndProject
Project("{8BB2217D-0F2D-49D1-97BC-3654ED321F3B}") = "OnDemandTools.Deporter", "OnDemandTools.Deporter\OnDemandTools.Deporter.xproj", "{2AB699A2-5DA8-43FF-AF3A-8C66A586E92D}"
EndProject
Project("{8BB2217D-0F2D-49D1-97BC-3654ED321F3B}") = "OnDemandTools.API.Utilities", "OnDemandTools.API.Utilities\OnDemandTools.API.Utilities.xproj", "{6BA48D39-2DEC-405E-9025-8F0A6F831BAA}"
EndProject
Project("{8BB2217D-0F2D-49D1-97BC-3654ED321F3B}") = "OnDemandTools.API.Tests", "OnDemandTools.API.Tests\OnDemandTools.API.Tests.xproj", "{F8F5EFDC-4EE4-4275-A1C5-19B88080BDCD}"
EndProject
Project("{8BB2217D-0F2D-49D1-97BC-3654ED321F3B}") = "OnDemandTools.Business.Tests", "OnDemandTools.Business.Tests\OnDemandTools.Business.Tests.xproj", "{A856E5DA-7857-47A9-9FF8-941F21946E6D}"
EndProject
Global
	GlobalSection(SolutionConfigurationPlatforms) = preSolution
		Debug|Any CPU = Debug|Any CPU
		Release|Any CPU = Release|Any CPU
	EndGlobalSection
	GlobalSection(ProjectConfigurationPlatforms) = postSolution
		{3450E107-90BA-496B-9710-9DE3BC9BB174}.Debug|Any CPU.ActiveCfg = Debug|Any CPU
		{3450E107-90BA-496B-9710-9DE3BC9BB174}.Debug|Any CPU.Build.0 = Debug|Any CPU
		{3450E107-90BA-496B-9710-9DE3BC9BB174}.Release|Any CPU.ActiveCfg = Release|Any CPU
		{3450E107-90BA-496B-9710-9DE3BC9BB174}.Release|Any CPU.Build.0 = Release|Any CPU
		{68903EF7-3D75-4B58-93DE-F43A3EB5014F}.Debug|Any CPU.ActiveCfg = Debug|Any CPU
		{68903EF7-3D75-4B58-93DE-F43A3EB5014F}.Debug|Any CPU.Build.0 = Debug|Any CPU
		{68903EF7-3D75-4B58-93DE-F43A3EB5014F}.Release|Any CPU.ActiveCfg = Release|Any CPU
		{68903EF7-3D75-4B58-93DE-F43A3EB5014F}.Release|Any CPU.Build.0 = Release|Any CPU
		{53C84700-4A66-4319-B980-6841FAD7BC7E}.Debug|Any CPU.ActiveCfg = Debug|Any CPU
		{53C84700-4A66-4319-B980-6841FAD7BC7E}.Debug|Any CPU.Build.0 = Debug|Any CPU
		{53C84700-4A66-4319-B980-6841FAD7BC7E}.Release|Any CPU.ActiveCfg = Release|Any CPU
		{53C84700-4A66-4319-B980-6841FAD7BC7E}.Release|Any CPU.Build.0 = Release|Any CPU
		{AC69E36D-1797-477B-908F-05374C5BF41B}.Debug|Any CPU.ActiveCfg = Debug|Any CPU
		{AC69E36D-1797-477B-908F-05374C5BF41B}.Debug|Any CPU.Build.0 = Debug|Any CPU
		{AC69E36D-1797-477B-908F-05374C5BF41B}.Release|Any CPU.ActiveCfg = Release|Any CPU
		{AC69E36D-1797-477B-908F-05374C5BF41B}.Release|Any CPU.Build.0 = Release|Any CPU
		{2AB699A2-5DA8-43FF-AF3A-8C66A586E92D}.Debug|Any CPU.ActiveCfg = Debug|Any CPU
		{2AB699A2-5DA8-43FF-AF3A-8C66A586E92D}.Debug|Any CPU.Build.0 = Debug|Any CPU
		{2AB699A2-5DA8-43FF-AF3A-8C66A586E92D}.Release|Any CPU.ActiveCfg = Release|Any CPU
		{2AB699A2-5DA8-43FF-AF3A-8C66A586E92D}.Release|Any CPU.Build.0 = Release|Any CPU
		{6BA48D39-2DEC-405E-9025-8F0A6F831BAA}.Debug|Any CPU.ActiveCfg = Debug|Any CPU
		{6BA48D39-2DEC-405E-9025-8F0A6F831BAA}.Debug|Any CPU.Build.0 = Debug|Any CPU
		{6BA48D39-2DEC-405E-9025-8F0A6F831BAA}.Release|Any CPU.ActiveCfg = Release|Any CPU
		{6BA48D39-2DEC-405E-9025-8F0A6F831BAA}.Release|Any CPU.Build.0 = Release|Any CPU
		{F8F5EFDC-4EE4-4275-A1C5-19B88080BDCD}.Debug|Any CPU.ActiveCfg = Debug|Any CPU
		{F8F5EFDC-4EE4-4275-A1C5-19B88080BDCD}.Debug|Any CPU.Build.0 = Debug|Any CPU
		{F8F5EFDC-4EE4-4275-A1C5-19B88080BDCD}.Release|Any CPU.ActiveCfg = Release|Any CPU
		{F8F5EFDC-4EE4-4275-A1C5-19B88080BDCD}.Release|Any CPU.Build.0 = Release|Any CPU
		{A856E5DA-7857-47A9-9FF8-941F21946E6D}.Debug|Any CPU.ActiveCfg = Debug|Any CPU
		{A856E5DA-7857-47A9-9FF8-941F21946E6D}.Debug|Any CPU.Build.0 = Debug|Any CPU
		{A856E5DA-7857-47A9-9FF8-941F21946E6D}.Release|Any CPU.ActiveCfg = Release|Any CPU
		{A856E5DA-7857-47A9-9FF8-941F21946E6D}.Release|Any CPU.Build.0 = Release|Any CPU
	EndGlobalSection
	GlobalSection(SolutionProperties) = preSolution
		HideSolutionNode = FALSE
	EndGlobalSection
	GlobalSection(NestedProjects) = preSolution
		{3450E107-90BA-496B-9710-9DE3BC9BB174} = {78524FE9-DC3E-437E-9230-CB54BE28D906}
		{68903EF7-3D75-4B58-93DE-F43A3EB5014F} = {AA70031B-0ABE-4B3D-A5B4-FA7C95DB20B6}
		{53C84700-4A66-4319-B980-6841FAD7BC7E} = {1486A4EC-B070-4937-84B3-DF747A3263A7}
		{AC69E36D-1797-477B-908F-05374C5BF41B} = {C507CAE3-0EDC-4392-8438-D2C715237F93}
		{2AB699A2-5DA8-43FF-AF3A-8C66A586E92D} = {3B8D019C-AC64-4016-8D48-57230E39C7AE}
		{6BA48D39-2DEC-405E-9025-8F0A6F831BAA} = {A07F6272-3EA9-48B8-8092-336DF72D557A}
		{F8F5EFDC-4EE4-4275-A1C5-19B88080BDCD} = {78524FE9-DC3E-437E-9230-CB54BE28D906}
		{A856E5DA-7857-47A9-9FF8-941F21946E6D} = {AA70031B-0ABE-4B3D-A5B4-FA7C95DB20B6}
	EndGlobalSection
EndGlobal
